// !$*UTF8*$!
{
	archiveVersion = 1;
	classes = {
	};
	objectVersion = 50;
	objects = {

/* Begin PBXBuildFile section */
		7A6DC6D82545F9B700E82005 /* MotionTrackerApp.swift in Sources */ = {isa = PBXBuildFile; fileRef = 7A6DC6D72545F9B700E82005 /* MotionTrackerApp.swift */; };
		7A6DC6DA2545F9B700E82005 /* ContentView.swift in Sources */ = {isa = PBXBuildFile; fileRef = 7A6DC6D92545F9B700E82005 /* ContentView.swift */; };
		7A6DC6DC2545F9B800E82005 /* Assets.xcassets in Resources */ = {isa = PBXBuildFile; fileRef = 7A6DC6DB2545F9B800E82005 /* Assets.xcassets */; };
		7A6DC6DF2545F9B800E82005 /* Preview Assets.xcassets in Resources */ = {isa = PBXBuildFile; fileRef = 7A6DC6DE2545F9B800E82005 /* Preview Assets.xcassets */; };
		7A6DC6EA2545F9B800E82005 /* MotionTrackerTests.swift in Sources */ = {isa = PBXBuildFile; fileRef = 7A6DC6E92545F9B800E82005 /* MotionTrackerTests.swift */; };
		7A6DC6F52545F9B800E82005 /* MotionTrackerUITests.swift in Sources */ = {isa = PBXBuildFile; fileRef = 7A6DC6F42545F9B800E82005 /* MotionTrackerUITests.swift */; };
		7A6DC6FA2545F9B800E82005 /* MotionTracker WatchKit App.app in Embed Watch Content */ = {isa = PBXBuildFile; fileRef = 7A6DC6F92545F9B800E82005 /* MotionTracker WatchKit App.app */; settings = {ATTRIBUTES = (RemoveHeadersOnCopy, ); }; };
		7A6DC6FF2545F9B800E82005 /* Assets.xcassets in Resources */ = {isa = PBXBuildFile; fileRef = 7A6DC6FE2545F9B800E82005 /* Assets.xcassets */; };
		7A6DC7062545F9B800E82005 /* MotionTracker WatchKit Extension.appex in Embed App Extensions */ = {isa = PBXBuildFile; fileRef = 7A6DC7052545F9B800E82005 /* MotionTracker WatchKit Extension.appex */; settings = {ATTRIBUTES = (RemoveHeadersOnCopy, ); }; };
		7A6DC70B2545F9B800E82005 /* MotionTrackerApp.swift in Sources */ = {isa = PBXBuildFile; fileRef = 7A6DC70A2545F9B800E82005 /* MotionTrackerApp.swift */; };
		7A6DC70D2545F9B800E82005 /* ContentView.swift in Sources */ = {isa = PBXBuildFile; fileRef = 7A6DC70C2545F9B800E82005 /* ContentView.swift */; };
		7A6DC7152545F9B900E82005 /* Assets.xcassets in Resources */ = {isa = PBXBuildFile; fileRef = 7A6DC7142545F9B900E82005 /* Assets.xcassets */; };
		7A6DC7182545F9B900E82005 /* Preview Assets.xcassets in Resources */ = {isa = PBXBuildFile; fileRef = 7A6DC7172545F9B900E82005 /* Preview Assets.xcassets */; };
		7A6DC73D2545FA7C00E82005 /* MeasurePointEntryDescriptionIdentifier.swift in Sources */ = {isa = PBXBuildFile; fileRef = 7A6DC7342545FA7B00E82005 /* MeasurePointEntryDescriptionIdentifier.swift */; };
		7A6DC73E2545FA7C00E82005 /* MeasurePoint.swift in Sources */ = {isa = PBXBuildFile; fileRef = 7A6DC7352545FA7B00E82005 /* MeasurePoint.swift */; };
		7A6DC73F2545FA7C00E82005 /* MeasureInterfaceModel.swift in Sources */ = {isa = PBXBuildFile; fileRef = 7A6DC7362545FA7C00E82005 /* MeasureInterfaceModel.swift */; };
		7A6DC74D2545FB2A00E82005 /* Double+Extensions.swift in Sources */ = {isa = PBXBuildFile; fileRef = 7A6DC74C2545FB2A00E82005 /* Double+Extensions.swift */; };
		7A6DC7542545FE8400E82005 /* ContentViewModel.swift in Sources */ = {isa = PBXBuildFile; fileRef = 7A6DC7532545FE8400E82005 /* ContentViewModel.swift */; };
		7A7D56242549ED57003B432F /* PersistentDataPointsService.swift in Sources */ = {isa = PBXBuildFile; fileRef = 7A7D56232549ED57003B432F /* PersistentDataPointsService.swift */; };
		7A7D562B2549EFD5003B432F /* WatchConnectivityService.swift in Sources */ = {isa = PBXBuildFile; fileRef = 7A7D562A2549EFD5003B432F /* WatchConnectivityService.swift */; };
		7AD7C2C2254B2638006D42B5 /* DataTransferService.swift in Sources */ = {isa = PBXBuildFile; fileRef = 7AD7C2C1254B2638006D42B5 /* DataTransferService.swift */; };
/* End PBXBuildFile section */

/* Begin PBXContainerItemProxy section */
		7A6DC6E62545F9B800E82005 /* PBXContainerItemProxy */ = {
			isa = PBXContainerItemProxy;
			containerPortal = 7A6DC6CC2545F9B700E82005 /* Project object */;
			proxyType = 1;
			remoteGlobalIDString = 7A6DC6D32545F9B700E82005;
			remoteInfo = MotionTracker;
		};
		7A6DC6F12545F9B800E82005 /* PBXContainerItemProxy */ = {
			isa = PBXContainerItemProxy;
			containerPortal = 7A6DC6CC2545F9B700E82005 /* Project object */;
			proxyType = 1;
			remoteGlobalIDString = 7A6DC6D32545F9B700E82005;
			remoteInfo = MotionTracker;
		};
		7A6DC6FB2545F9B800E82005 /* PBXContainerItemProxy */ = {
			isa = PBXContainerItemProxy;
			containerPortal = 7A6DC6CC2545F9B700E82005 /* Project object */;
			proxyType = 1;
			remoteGlobalIDString = 7A6DC6F82545F9B800E82005;
			remoteInfo = "MotionTracker WatchKit App";
		};
		7A6DC7072545F9B800E82005 /* PBXContainerItemProxy */ = {
			isa = PBXContainerItemProxy;
			containerPortal = 7A6DC6CC2545F9B700E82005 /* Project object */;
			proxyType = 1;
			remoteGlobalIDString = 7A6DC7042545F9B800E82005;
			remoteInfo = "MotionTracker WatchKit Extension";
		};
/* End PBXContainerItemProxy section */

/* Begin PBXCopyFilesBuildPhase section */
		7A6DC7202545F9B900E82005 /* Embed App Extensions */ = {
			isa = PBXCopyFilesBuildPhase;
			buildActionMask = 2147483647;
			dstPath = "";
			dstSubfolderSpec = 13;
			files = (
				7A6DC7062545F9B800E82005 /* MotionTracker WatchKit Extension.appex in Embed App Extensions */,
			);
			name = "Embed App Extensions";
			runOnlyForDeploymentPostprocessing = 0;
		};
		7A6DC7242545F9B900E82005 /* Embed Watch Content */ = {
			isa = PBXCopyFilesBuildPhase;
			buildActionMask = 2147483647;
			dstPath = "$(CONTENTS_FOLDER_PATH)/Watch";
			dstSubfolderSpec = 16;
			files = (
				7A6DC6FA2545F9B800E82005 /* MotionTracker WatchKit App.app in Embed Watch Content */,
			);
			name = "Embed Watch Content";
			runOnlyForDeploymentPostprocessing = 0;
		};
/* End PBXCopyFilesBuildPhase section */

/* Begin PBXFileReference section */
		7A6DC6D42545F9B700E82005 /* MotionTracker.app */ = {isa = PBXFileReference; explicitFileType = wrapper.application; includeInIndex = 0; path = MotionTracker.app; sourceTree = BUILT_PRODUCTS_DIR; };
		7A6DC6D72545F9B700E82005 /* MotionTrackerApp.swift */ = {isa = PBXFileReference; lastKnownFileType = sourcecode.swift; path = MotionTrackerApp.swift; sourceTree = "<group>"; };
		7A6DC6D92545F9B700E82005 /* ContentView.swift */ = {isa = PBXFileReference; lastKnownFileType = sourcecode.swift; path = ContentView.swift; sourceTree = "<group>"; };
		7A6DC6DB2545F9B800E82005 /* Assets.xcassets */ = {isa = PBXFileReference; lastKnownFileType = folder.assetcatalog; path = Assets.xcassets; sourceTree = "<group>"; };
		7A6DC6DE2545F9B800E82005 /* Preview Assets.xcassets */ = {isa = PBXFileReference; lastKnownFileType = folder.assetcatalog; path = "Preview Assets.xcassets"; sourceTree = "<group>"; };
		7A6DC6E02545F9B800E82005 /* Info.plist */ = {isa = PBXFileReference; lastKnownFileType = text.plist.xml; path = Info.plist; sourceTree = "<group>"; };
		7A6DC6E52545F9B800E82005 /* MotionTrackerTests.xctest */ = {isa = PBXFileReference; explicitFileType = wrapper.cfbundle; includeInIndex = 0; path = MotionTrackerTests.xctest; sourceTree = BUILT_PRODUCTS_DIR; };
		7A6DC6E92545F9B800E82005 /* MotionTrackerTests.swift */ = {isa = PBXFileReference; lastKnownFileType = sourcecode.swift; path = MotionTrackerTests.swift; sourceTree = "<group>"; };
		7A6DC6EB2545F9B800E82005 /* Info.plist */ = {isa = PBXFileReference; lastKnownFileType = text.plist.xml; path = Info.plist; sourceTree = "<group>"; };
		7A6DC6F02545F9B800E82005 /* MotionTrackerUITests.xctest */ = {isa = PBXFileReference; explicitFileType = wrapper.cfbundle; includeInIndex = 0; path = MotionTrackerUITests.xctest; sourceTree = BUILT_PRODUCTS_DIR; };
		7A6DC6F42545F9B800E82005 /* MotionTrackerUITests.swift */ = {isa = PBXFileReference; lastKnownFileType = sourcecode.swift; path = MotionTrackerUITests.swift; sourceTree = "<group>"; };
		7A6DC6F62545F9B800E82005 /* Info.plist */ = {isa = PBXFileReference; lastKnownFileType = text.plist.xml; path = Info.plist; sourceTree = "<group>"; };
		7A6DC6F92545F9B800E82005 /* MotionTracker WatchKit App.app */ = {isa = PBXFileReference; explicitFileType = wrapper.application; includeInIndex = 0; path = "MotionTracker WatchKit App.app"; sourceTree = BUILT_PRODUCTS_DIR; };
		7A6DC6FE2545F9B800E82005 /* Assets.xcassets */ = {isa = PBXFileReference; lastKnownFileType = folder.assetcatalog; path = Assets.xcassets; sourceTree = "<group>"; };
		7A6DC7002545F9B800E82005 /* Info.plist */ = {isa = PBXFileReference; lastKnownFileType = text.plist.xml; path = Info.plist; sourceTree = "<group>"; };
		7A6DC7052545F9B800E82005 /* MotionTracker WatchKit Extension.appex */ = {isa = PBXFileReference; explicitFileType = "wrapper.app-extension"; includeInIndex = 0; path = "MotionTracker WatchKit Extension.appex"; sourceTree = BUILT_PRODUCTS_DIR; };
		7A6DC70A2545F9B800E82005 /* MotionTrackerApp.swift */ = {isa = PBXFileReference; lastKnownFileType = sourcecode.swift; path = MotionTrackerApp.swift; sourceTree = "<group>"; };
		7A6DC70C2545F9B800E82005 /* ContentView.swift */ = {isa = PBXFileReference; lastKnownFileType = sourcecode.swift; path = ContentView.swift; sourceTree = "<group>"; };
		7A6DC7142545F9B900E82005 /* Assets.xcassets */ = {isa = PBXFileReference; lastKnownFileType = folder.assetcatalog; path = Assets.xcassets; sourceTree = "<group>"; };
		7A6DC7172545F9B900E82005 /* Preview Assets.xcassets */ = {isa = PBXFileReference; lastKnownFileType = folder.assetcatalog; path = "Preview Assets.xcassets"; sourceTree = "<group>"; };
		7A6DC7192545F9B900E82005 /* Info.plist */ = {isa = PBXFileReference; lastKnownFileType = text.plist.xml; path = Info.plist; sourceTree = "<group>"; };
		7A6DC7342545FA7B00E82005 /* MeasurePointEntryDescriptionIdentifier.swift */ = {isa = PBXFileReference; fileEncoding = 4; lastKnownFileType = sourcecode.swift; path = MeasurePointEntryDescriptionIdentifier.swift; sourceTree = "<group>"; };
		7A6DC7352545FA7B00E82005 /* MeasurePoint.swift */ = {isa = PBXFileReference; fileEncoding = 4; lastKnownFileType = sourcecode.swift; path = MeasurePoint.swift; sourceTree = "<group>"; };
		7A6DC7362545FA7C00E82005 /* MeasureInterfaceModel.swift */ = {isa = PBXFileReference; fileEncoding = 4; lastKnownFileType = sourcecode.swift; path = MeasureInterfaceModel.swift; sourceTree = "<group>"; };
		7A6DC74C2545FB2A00E82005 /* Double+Extensions.swift */ = {isa = PBXFileReference; fileEncoding = 4; lastKnownFileType = sourcecode.swift; path = "Double+Extensions.swift"; sourceTree = "<group>"; };
		7A6DC7532545FE8400E82005 /* ContentViewModel.swift */ = {isa = PBXFileReference; lastKnownFileType = sourcecode.swift; path = ContentViewModel.swift; sourceTree = "<group>"; };
		7A7D56232549ED57003B432F /* PersistentDataPointsService.swift */ = {isa = PBXFileReference; fileEncoding = 4; lastKnownFileType = sourcecode.swift; path = PersistentDataPointsService.swift; sourceTree = "<group>"; };
		7A7D562A2549EFD5003B432F /* WatchConnectivityService.swift */ = {isa = PBXFileReference; lastKnownFileType = sourcecode.swift; path = WatchConnectivityService.swift; sourceTree = "<group>"; };
		7AD7C2C1254B2638006D42B5 /* DataTransferService.swift */ = {isa = PBXFileReference; lastKnownFileType = sourcecode.swift; path = DataTransferService.swift; sourceTree = "<group>"; };
/* End PBXFileReference section */

/* Begin PBXFrameworksBuildPhase section */
		7A6DC6D12545F9B700E82005 /* Frameworks */ = {
			isa = PBXFrameworksBuildPhase;
			buildActionMask = 2147483647;
			files = (
			);
			runOnlyForDeploymentPostprocessing = 0;
		};
		7A6DC6E22545F9B800E82005 /* Frameworks */ = {
			isa = PBXFrameworksBuildPhase;
			buildActionMask = 2147483647;
			files = (
			);
			runOnlyForDeploymentPostprocessing = 0;
		};
		7A6DC6ED2545F9B800E82005 /* Frameworks */ = {
			isa = PBXFrameworksBuildPhase;
			buildActionMask = 2147483647;
			files = (
			);
			runOnlyForDeploymentPostprocessing = 0;
		};
		7A6DC7022545F9B800E82005 /* Frameworks */ = {
			isa = PBXFrameworksBuildPhase;
			buildActionMask = 2147483647;
			files = (
			);
			runOnlyForDeploymentPostprocessing = 0;
		};
/* End PBXFrameworksBuildPhase section */

/* Begin PBXGroup section */
		7A6DC6CB2545F9B700E82005 = {
			isa = PBXGroup;
			children = (
				7A6DC6D62545F9B700E82005 /* MotionTracker */,
				7A6DC6E82545F9B800E82005 /* MotionTrackerTests */,
				7A6DC6F32545F9B800E82005 /* MotionTrackerUITests */,
				7A6DC6FD2545F9B800E82005 /* MotionTracker WatchKit App */,
				7A6DC7092545F9B800E82005 /* MotionTracker WatchKit Extension */,
				7A6DC6D52545F9B700E82005 /* Products */,
			);
			sourceTree = "<group>";
		};
		7A6DC6D52545F9B700E82005 /* Products */ = {
			isa = PBXGroup;
			children = (
				7A6DC6D42545F9B700E82005 /* MotionTracker.app */,
				7A6DC6E52545F9B800E82005 /* MotionTrackerTests.xctest */,
				7A6DC6F02545F9B800E82005 /* MotionTrackerUITests.xctest */,
				7A6DC6F92545F9B800E82005 /* MotionTracker WatchKit App.app */,
				7A6DC7052545F9B800E82005 /* MotionTracker WatchKit Extension.appex */,
			);
			name = Products;
			sourceTree = "<group>";
		};
		7A6DC6D62545F9B700E82005 /* MotionTracker */ = {
			isa = PBXGroup;
			children = (
				7A6DC6D72545F9B700E82005 /* MotionTrackerApp.swift */,
				7A7D562A2549EFD5003B432F /* WatchConnectivityService.swift */,
				7A6DC6D92545F9B700E82005 /* ContentView.swift */,
				7A6DC6DB2545F9B800E82005 /* Assets.xcassets */,
				7A6DC6E02545F9B800E82005 /* Info.plist */,
				7A6DC6DD2545F9B800E82005 /* Preview Content */,
			);
			path = MotionTracker;
			sourceTree = "<group>";
		};
		7A6DC6DD2545F9B800E82005 /* Preview Content */ = {
			isa = PBXGroup;
			children = (
				7A6DC6DE2545F9B800E82005 /* Preview Assets.xcassets */,
			);
			path = "Preview Content";
			sourceTree = "<group>";
		};
		7A6DC6E82545F9B800E82005 /* MotionTrackerTests */ = {
			isa = PBXGroup;
			children = (
				7A6DC6E92545F9B800E82005 /* MotionTrackerTests.swift */,
				7A6DC6EB2545F9B800E82005 /* Info.plist */,
			);
			path = MotionTrackerTests;
			sourceTree = "<group>";
		};
		7A6DC6F32545F9B800E82005 /* MotionTrackerUITests */ = {
			isa = PBXGroup;
			children = (
				7A6DC6F42545F9B800E82005 /* MotionTrackerUITests.swift */,
				7A6DC6F62545F9B800E82005 /* Info.plist */,
			);
			path = MotionTrackerUITests;
			sourceTree = "<group>";
		};
		7A6DC6FD2545F9B800E82005 /* MotionTracker WatchKit App */ = {
			isa = PBXGroup;
			children = (
				7A6DC6FE2545F9B800E82005 /* Assets.xcassets */,
				7A6DC7002545F9B800E82005 /* Info.plist */,
			);
			path = "MotionTracker WatchKit App";
			sourceTree = "<group>";
		};
		7A6DC7092545F9B800E82005 /* MotionTracker WatchKit Extension */ = {
			isa = PBXGroup;
			children = (
				7A6DC70A2545F9B800E82005 /* MotionTrackerApp.swift */,
				7A6DC74B2545FB2A00E82005 /* Extensions */,
				7A6DC7332545FA7B00E82005 /* Measuring */,
				7A6DC70C2545F9B800E82005 /* ContentView.swift */,
				7A7D56232549ED57003B432F /* PersistentDataPointsService.swift */,
				7A6DC7532545FE8400E82005 /* ContentViewModel.swift */,
				7AD7C2C1254B2638006D42B5 /* DataTransferService.swift */,
				7A6DC7142545F9B900E82005 /* Assets.xcassets */,
				7A6DC7192545F9B900E82005 /* Info.plist */,
				7A6DC7162545F9B900E82005 /* Preview Content */,
			);
			path = "MotionTracker WatchKit Extension";
			sourceTree = "<group>";
		};
		7A6DC7162545F9B900E82005 /* Preview Content */ = {
			isa = PBXGroup;
			children = (
				7A6DC7172545F9B900E82005 /* Preview Assets.xcassets */,
			);
			path = "Preview Content";
			sourceTree = "<group>";
		};
		7A6DC7332545FA7B00E82005 /* Measuring */ = {
			isa = PBXGroup;
			children = (
				7A6DC7342545FA7B00E82005 /* MeasurePointEntryDescriptionIdentifier.swift */,
				7A6DC7352545FA7B00E82005 /* MeasurePoint.swift */,
				7A6DC7362545FA7C00E82005 /* MeasureInterfaceModel.swift */,
			);
			path = Measuring;
			sourceTree = "<group>";
		};
		7A6DC74B2545FB2A00E82005 /* Extensions */ = {
			isa = PBXGroup;
			children = (
				7A6DC74C2545FB2A00E82005 /* Double+Extensions.swift */,
			);
			path = Extensions;
			sourceTree = "<group>";
		};
/* End PBXGroup section */

/* Begin PBXNativeTarget section */
		7A6DC6D32545F9B700E82005 /* MotionTracker */ = {
			isa = PBXNativeTarget;
			buildConfigurationList = 7A6DC7252545F9B900E82005 /* Build configuration list for PBXNativeTarget "MotionTracker" */;
			buildPhases = (
				7A6DC6D02545F9B700E82005 /* Sources */,
				7A6DC6D12545F9B700E82005 /* Frameworks */,
				7A6DC6D22545F9B700E82005 /* Resources */,
				7A6DC7242545F9B900E82005 /* Embed Watch Content */,
			);
			buildRules = (
			);
			dependencies = (
				7A6DC6FC2545F9B800E82005 /* PBXTargetDependency */,
			);
			name = MotionTracker;
			productName = MotionTracker;
			productReference = 7A6DC6D42545F9B700E82005 /* MotionTracker.app */;
			productType = "com.apple.product-type.application";
		};
		7A6DC6E42545F9B800E82005 /* MotionTrackerTests */ = {
			isa = PBXNativeTarget;
			buildConfigurationList = 7A6DC7282545F9B900E82005 /* Build configuration list for PBXNativeTarget "MotionTrackerTests" */;
			buildPhases = (
				7A6DC6E12545F9B800E82005 /* Sources */,
				7A6DC6E22545F9B800E82005 /* Frameworks */,
				7A6DC6E32545F9B800E82005 /* Resources */,
			);
			buildRules = (
			);
			dependencies = (
				7A6DC6E72545F9B800E82005 /* PBXTargetDependency */,
			);
			name = MotionTrackerTests;
			productName = MotionTrackerTests;
			productReference = 7A6DC6E52545F9B800E82005 /* MotionTrackerTests.xctest */;
			productType = "com.apple.product-type.bundle.unit-test";
		};
		7A6DC6EF2545F9B800E82005 /* MotionTrackerUITests */ = {
			isa = PBXNativeTarget;
			buildConfigurationList = 7A6DC72B2545F9B900E82005 /* Build configuration list for PBXNativeTarget "MotionTrackerUITests" */;
			buildPhases = (
				7A6DC6EC2545F9B800E82005 /* Sources */,
				7A6DC6ED2545F9B800E82005 /* Frameworks */,
				7A6DC6EE2545F9B800E82005 /* Resources */,
			);
			buildRules = (
			);
			dependencies = (
				7A6DC6F22545F9B800E82005 /* PBXTargetDependency */,
			);
			name = MotionTrackerUITests;
			productName = MotionTrackerUITests;
			productReference = 7A6DC6F02545F9B800E82005 /* MotionTrackerUITests.xctest */;
			productType = "com.apple.product-type.bundle.ui-testing";
		};
		7A6DC6F82545F9B800E82005 /* MotionTracker WatchKit App */ = {
			isa = PBXNativeTarget;
			buildConfigurationList = 7A6DC7212545F9B900E82005 /* Build configuration list for PBXNativeTarget "MotionTracker WatchKit App" */;
			buildPhases = (
				7A6DC6F72545F9B800E82005 /* Resources */,
				7A6DC7202545F9B900E82005 /* Embed App Extensions */,
			);
			buildRules = (
			);
			dependencies = (
				7A6DC7082545F9B800E82005 /* PBXTargetDependency */,
			);
			name = "MotionTracker WatchKit App";
			productName = "MotionTracker WatchKit App";
			productReference = 7A6DC6F92545F9B800E82005 /* MotionTracker WatchKit App.app */;
			productType = "com.apple.product-type.application.watchapp2";
		};
		7A6DC7042545F9B800E82005 /* MotionTracker WatchKit Extension */ = {
			isa = PBXNativeTarget;
			buildConfigurationList = 7A6DC71D2545F9B900E82005 /* Build configuration list for PBXNativeTarget "MotionTracker WatchKit Extension" */;
			buildPhases = (
				7A6DC7012545F9B800E82005 /* Sources */,
				7A6DC7022545F9B800E82005 /* Frameworks */,
				7A6DC7032545F9B800E82005 /* Resources */,
			);
			buildRules = (
			);
			dependencies = (
			);
			name = "MotionTracker WatchKit Extension";
			productName = "MotionTracker WatchKit Extension";
			productReference = 7A6DC7052545F9B800E82005 /* MotionTracker WatchKit Extension.appex */;
			productType = "com.apple.product-type.watchkit2-extension";
		};
/* End PBXNativeTarget section */

/* Begin PBXProject section */
		7A6DC6CC2545F9B700E82005 /* Project object */ = {
			isa = PBXProject;
			attributes = {
				LastSwiftUpdateCheck = 1210;
				LastUpgradeCheck = 1210;
				TargetAttributes = {
					7A6DC6D32545F9B700E82005 = {
						CreatedOnToolsVersion = 12.1;
					};
					7A6DC6E42545F9B800E82005 = {
						CreatedOnToolsVersion = 12.1;
						TestTargetID = 7A6DC6D32545F9B700E82005;
					};
					7A6DC6EF2545F9B800E82005 = {
						CreatedOnToolsVersion = 12.1;
						TestTargetID = 7A6DC6D32545F9B700E82005;
					};
					7A6DC6F82545F9B800E82005 = {
						CreatedOnToolsVersion = 12.1;
					};
					7A6DC7042545F9B800E82005 = {
						CreatedOnToolsVersion = 12.1;
					};
				};
			};
			buildConfigurationList = 7A6DC6CF2545F9B700E82005 /* Build configuration list for PBXProject "MotionTracker" */;
			compatibilityVersion = "Xcode 9.3";
			developmentRegion = en;
			hasScannedForEncodings = 0;
			knownRegions = (
				en,
				Base,
			);
			mainGroup = 7A6DC6CB2545F9B700E82005;
			productRefGroup = 7A6DC6D52545F9B700E82005 /* Products */;
			projectDirPath = "";
			projectRoot = "";
			targets = (
				7A6DC6D32545F9B700E82005 /* MotionTracker */,
				7A6DC6E42545F9B800E82005 /* MotionTrackerTests */,
				7A6DC6EF2545F9B800E82005 /* MotionTrackerUITests */,
				7A6DC6F82545F9B800E82005 /* MotionTracker WatchKit App */,
				7A6DC7042545F9B800E82005 /* MotionTracker WatchKit Extension */,
			);
		};
/* End PBXProject section */

/* Begin PBXResourcesBuildPhase section */
		7A6DC6D22545F9B700E82005 /* Resources */ = {
			isa = PBXResourcesBuildPhase;
			buildActionMask = 2147483647;
			files = (
				7A6DC6DF2545F9B800E82005 /* Preview Assets.xcassets in Resources */,
				7A6DC6DC2545F9B800E82005 /* Assets.xcassets in Resources */,
			);
			runOnlyForDeploymentPostprocessing = 0;
		};
		7A6DC6E32545F9B800E82005 /* Resources */ = {
			isa = PBXResourcesBuildPhase;
			buildActionMask = 2147483647;
			files = (
			);
			runOnlyForDeploymentPostprocessing = 0;
		};
		7A6DC6EE2545F9B800E82005 /* Resources */ = {
			isa = PBXResourcesBuildPhase;
			buildActionMask = 2147483647;
			files = (
			);
			runOnlyForDeploymentPostprocessing = 0;
		};
		7A6DC6F72545F9B800E82005 /* Resources */ = {
			isa = PBXResourcesBuildPhase;
			buildActionMask = 2147483647;
			files = (
				7A6DC6FF2545F9B800E82005 /* Assets.xcassets in Resources */,
			);
			runOnlyForDeploymentPostprocessing = 0;
		};
		7A6DC7032545F9B800E82005 /* Resources */ = {
			isa = PBXResourcesBuildPhase;
			buildActionMask = 2147483647;
			files = (
				7A6DC7182545F9B900E82005 /* Preview Assets.xcassets in Resources */,
				7A6DC7152545F9B900E82005 /* Assets.xcassets in Resources */,
			);
			runOnlyForDeploymentPostprocessing = 0;
		};
/* End PBXResourcesBuildPhase section */

/* Begin PBXSourcesBuildPhase section */
		7A6DC6D02545F9B700E82005 /* Sources */ = {
			isa = PBXSourcesBuildPhase;
			buildActionMask = 2147483647;
			files = (
				7A6DC6DA2545F9B700E82005 /* ContentView.swift in Sources */,
				7A6DC6D82545F9B700E82005 /* MotionTrackerApp.swift in Sources */,
				7A7D562B2549EFD5003B432F /* WatchConnectivityService.swift in Sources */,
			);
			runOnlyForDeploymentPostprocessing = 0;
		};
		7A6DC6E12545F9B800E82005 /* Sources */ = {
			isa = PBXSourcesBuildPhase;
			buildActionMask = 2147483647;
			files = (
				7A6DC6EA2545F9B800E82005 /* MotionTrackerTests.swift in Sources */,
			);
			runOnlyForDeploymentPostprocessing = 0;
		};
		7A6DC6EC2545F9B800E82005 /* Sources */ = {
			isa = PBXSourcesBuildPhase;
			buildActionMask = 2147483647;
			files = (
				7A6DC6F52545F9B800E82005 /* MotionTrackerUITests.swift in Sources */,
			);
			runOnlyForDeploymentPostprocessing = 0;
		};
		7A6DC7012545F9B800E82005 /* Sources */ = {
			isa = PBXSourcesBuildPhase;
			buildActionMask = 2147483647;
			files = (
				7AD7C2C2254B2638006D42B5 /* DataTransferService.swift in Sources */,
				7A7D56242549ED57003B432F /* PersistentDataPointsService.swift in Sources */,
				7A6DC70D2545F9B800E82005 /* ContentView.swift in Sources */,
				7A6DC7542545FE8400E82005 /* ContentViewModel.swift in Sources */,
				7A6DC73F2545FA7C00E82005 /* MeasureInterfaceModel.swift in Sources */,
				7A6DC74D2545FB2A00E82005 /* Double+Extensions.swift in Sources */,
				7A6DC73D2545FA7C00E82005 /* MeasurePointEntryDescriptionIdentifier.swift in Sources */,
				7A6DC73E2545FA7C00E82005 /* MeasurePoint.swift in Sources */,
				7A6DC70B2545F9B800E82005 /* MotionTrackerApp.swift in Sources */,
			);
			runOnlyForDeploymentPostprocessing = 0;
		};
/* End PBXSourcesBuildPhase section */

/* Begin PBXTargetDependency section */
		7A6DC6E72545F9B800E82005 /* PBXTargetDependency */ = {
			isa = PBXTargetDependency;
			target = 7A6DC6D32545F9B700E82005 /* MotionTracker */;
			targetProxy = 7A6DC6E62545F9B800E82005 /* PBXContainerItemProxy */;
		};
		7A6DC6F22545F9B800E82005 /* PBXTargetDependency */ = {
			isa = PBXTargetDependency;
			target = 7A6DC6D32545F9B700E82005 /* MotionTracker */;
			targetProxy = 7A6DC6F12545F9B800E82005 /* PBXContainerItemProxy */;
		};
		7A6DC6FC2545F9B800E82005 /* PBXTargetDependency */ = {
			isa = PBXTargetDependency;
			target = 7A6DC6F82545F9B800E82005 /* MotionTracker WatchKit App */;
			targetProxy = 7A6DC6FB2545F9B800E82005 /* PBXContainerItemProxy */;
		};
		7A6DC7082545F9B800E82005 /* PBXTargetDependency */ = {
			isa = PBXTargetDependency;
			target = 7A6DC7042545F9B800E82005 /* MotionTracker WatchKit Extension */;
			targetProxy = 7A6DC7072545F9B800E82005 /* PBXContainerItemProxy */;
		};
/* End PBXTargetDependency section */

/* Begin XCBuildConfiguration section */
		7A6DC71B2545F9B900E82005 /* Debug */ = {
			isa = XCBuildConfiguration;
			buildSettings = {
				ALWAYS_SEARCH_USER_PATHS = NO;
				CLANG_ANALYZER_NONNULL = YES;
				CLANG_ANALYZER_NUMBER_OBJECT_CONVERSION = YES_AGGRESSIVE;
				CLANG_CXX_LANGUAGE_STANDARD = "gnu++14";
				CLANG_CXX_LIBRARY = "libc++";
				CLANG_ENABLE_MODULES = YES;
				CLANG_ENABLE_OBJC_ARC = YES;
				CLANG_ENABLE_OBJC_WEAK = YES;
				CLANG_WARN_BLOCK_CAPTURE_AUTORELEASING = YES;
				CLANG_WARN_BOOL_CONVERSION = YES;
				CLANG_WARN_COMMA = YES;
				CLANG_WARN_CONSTANT_CONVERSION = YES;
				CLANG_WARN_DEPRECATED_OBJC_IMPLEMENTATIONS = YES;
				CLANG_WARN_DIRECT_OBJC_ISA_USAGE = YES_ERROR;
				CLANG_WARN_DOCUMENTATION_COMMENTS = YES;
				CLANG_WARN_EMPTY_BODY = YES;
				CLANG_WARN_ENUM_CONVERSION = YES;
				CLANG_WARN_INFINITE_RECURSION = YES;
				CLANG_WARN_INT_CONVERSION = YES;
				CLANG_WARN_NON_LITERAL_NULL_CONVERSION = YES;
				CLANG_WARN_OBJC_IMPLICIT_RETAIN_SELF = YES;
				CLANG_WARN_OBJC_LITERAL_CONVERSION = YES;
				CLANG_WARN_OBJC_ROOT_CLASS = YES_ERROR;
				CLANG_WARN_QUOTED_INCLUDE_IN_FRAMEWORK_HEADER = YES;
				CLANG_WARN_RANGE_LOOP_ANALYSIS = YES;
				CLANG_WARN_STRICT_PROTOTYPES = YES;
				CLANG_WARN_SUSPICIOUS_MOVE = YES;
				CLANG_WARN_UNGUARDED_AVAILABILITY = YES_AGGRESSIVE;
				CLANG_WARN_UNREACHABLE_CODE = YES;
				CLANG_WARN__DUPLICATE_METHOD_MATCH = YES;
				COPY_PHASE_STRIP = NO;
				DEBUG_INFORMATION_FORMAT = dwarf;
				ENABLE_STRICT_OBJC_MSGSEND = YES;
				ENABLE_TESTABILITY = YES;
				GCC_C_LANGUAGE_STANDARD = gnu11;
				GCC_DYNAMIC_NO_PIC = NO;
				GCC_NO_COMMON_BLOCKS = YES;
				GCC_OPTIMIZATION_LEVEL = 0;
				GCC_PREPROCESSOR_DEFINITIONS = (
					"DEBUG=1",
					"$(inherited)",
				);
				GCC_WARN_64_TO_32_BIT_CONVERSION = YES;
				GCC_WARN_ABOUT_RETURN_TYPE = YES_ERROR;
				GCC_WARN_UNDECLARED_SELECTOR = YES;
				GCC_WARN_UNINITIALIZED_AUTOS = YES_AGGRESSIVE;
				GCC_WARN_UNUSED_FUNCTION = YES;
				GCC_WARN_UNUSED_VARIABLE = YES;
				MTL_ENABLE_DEBUG_INFO = INCLUDE_SOURCE;
				MTL_FAST_MATH = YES;
				ONLY_ACTIVE_ARCH = YES;
				SWIFT_ACTIVE_COMPILATION_CONDITIONS = DEBUG;
				SWIFT_OPTIMIZATION_LEVEL = "-Onone";
			};
			name = Debug;
		};
		7A6DC71C2545F9B900E82005 /* Release */ = {
			isa = XCBuildConfiguration;
			buildSettings = {
				ALWAYS_SEARCH_USER_PATHS = NO;
				CLANG_ANALYZER_NONNULL = YES;
				CLANG_ANALYZER_NUMBER_OBJECT_CONVERSION = YES_AGGRESSIVE;
				CLANG_CXX_LANGUAGE_STANDARD = "gnu++14";
				CLANG_CXX_LIBRARY = "libc++";
				CLANG_ENABLE_MODULES = YES;
				CLANG_ENABLE_OBJC_ARC = YES;
				CLANG_ENABLE_OBJC_WEAK = YES;
				CLANG_WARN_BLOCK_CAPTURE_AUTORELEASING = YES;
				CLANG_WARN_BOOL_CONVERSION = YES;
				CLANG_WARN_COMMA = YES;
				CLANG_WARN_CONSTANT_CONVERSION = YES;
				CLANG_WARN_DEPRECATED_OBJC_IMPLEMENTATIONS = YES;
				CLANG_WARN_DIRECT_OBJC_ISA_USAGE = YES_ERROR;
				CLANG_WARN_DOCUMENTATION_COMMENTS = YES;
				CLANG_WARN_EMPTY_BODY = YES;
				CLANG_WARN_ENUM_CONVERSION = YES;
				CLANG_WARN_INFINITE_RECURSION = YES;
				CLANG_WARN_INT_CONVERSION = YES;
				CLANG_WARN_NON_LITERAL_NULL_CONVERSION = YES;
				CLANG_WARN_OBJC_IMPLICIT_RETAIN_SELF = YES;
				CLANG_WARN_OBJC_LITERAL_CONVERSION = YES;
				CLANG_WARN_OBJC_ROOT_CLASS = YES_ERROR;
				CLANG_WARN_QUOTED_INCLUDE_IN_FRAMEWORK_HEADER = YES;
				CLANG_WARN_RANGE_LOOP_ANALYSIS = YES;
				CLANG_WARN_STRICT_PROTOTYPES = YES;
				CLANG_WARN_SUSPICIOUS_MOVE = YES;
				CLANG_WARN_UNGUARDED_AVAILABILITY = YES_AGGRESSIVE;
				CLANG_WARN_UNREACHABLE_CODE = YES;
				CLANG_WARN__DUPLICATE_METHOD_MATCH = YES;
				COPY_PHASE_STRIP = NO;
				DEBUG_INFORMATION_FORMAT = "dwarf-with-dsym";
				ENABLE_NS_ASSERTIONS = NO;
				ENABLE_STRICT_OBJC_MSGSEND = YES;
				GCC_C_LANGUAGE_STANDARD = gnu11;
				GCC_NO_COMMON_BLOCKS = YES;
				GCC_WARN_64_TO_32_BIT_CONVERSION = YES;
				GCC_WARN_ABOUT_RETURN_TYPE = YES_ERROR;
				GCC_WARN_UNDECLARED_SELECTOR = YES;
				GCC_WARN_UNINITIALIZED_AUTOS = YES_AGGRESSIVE;
				GCC_WARN_UNUSED_FUNCTION = YES;
				GCC_WARN_UNUSED_VARIABLE = YES;
				MTL_ENABLE_DEBUG_INFO = NO;
				MTL_FAST_MATH = YES;
				SWIFT_COMPILATION_MODE = wholemodule;
				SWIFT_OPTIMIZATION_LEVEL = "-O";
			};
			name = Release;
		};
		7A6DC71E2545F9B900E82005 /* Debug */ = {
			isa = XCBuildConfiguration;
			buildSettings = {
				ASSETCATALOG_COMPILER_COMPLICATION_NAME = Complication;
				CODE_SIGN_IDENTITY = "iPhone Developer";
				CODE_SIGN_STYLE = Manual;
				DEVELOPMENT_ASSET_PATHS = "\"MotionTracker WatchKit Extension/Preview Content\"";
				DEVELOPMENT_TEAM = 4Z3PPD7L62;
				ENABLE_PREVIEWS = YES;
				INFOPLIST_FILE = "MotionTracker WatchKit Extension/Info.plist";
				LD_RUNPATH_SEARCH_PATHS = (
					"$(inherited)",
					"@executable_path/Frameworks",
					"@executable_path/../../Frameworks",
				);
				PRODUCT_BUNDLE_IDENTIFIER = de.devpie.MotionTracker.watchkitapp.watchkitextension;
				PRODUCT_NAME = "${TARGET_NAME}";
				PROVISIONING_PROFILE_SPECIFIER = Devpie;
				SDKROOT = watchos;
				SKIP_INSTALL = YES;
				SWIFT_VERSION = 5.0;
				TARGETED_DEVICE_FAMILY = 4;
				WATCHOS_DEPLOYMENT_TARGET = 7.0;
			};
			name = Debug;
		};
		7A6DC71F2545F9B900E82005 /* Release */ = {
			isa = XCBuildConfiguration;
			buildSettings = {
				ASSETCATALOG_COMPILER_COMPLICATION_NAME = Complication;
				CODE_SIGN_IDENTITY = "iPhone Developer";
				CODE_SIGN_STYLE = Manual;
				DEVELOPMENT_ASSET_PATHS = "\"MotionTracker WatchKit Extension/Preview Content\"";
				DEVELOPMENT_TEAM = 4Z3PPD7L62;
				ENABLE_PREVIEWS = YES;
				INFOPLIST_FILE = "MotionTracker WatchKit Extension/Info.plist";
				LD_RUNPATH_SEARCH_PATHS = (
					"$(inherited)",
					"@executable_path/Frameworks",
					"@executable_path/../../Frameworks",
				);
				PRODUCT_BUNDLE_IDENTIFIER = de.devpie.MotionTracker.watchkitapp.watchkitextension;
				PRODUCT_NAME = "${TARGET_NAME}";
				PROVISIONING_PROFILE_SPECIFIER = Devpie;
				SDKROOT = watchos;
				SKIP_INSTALL = YES;
				SWIFT_VERSION = 5.0;
				TARGETED_DEVICE_FAMILY = 4;
				VALIDATE_PRODUCT = YES;
				WATCHOS_DEPLOYMENT_TARGET = 7.0;
			};
			name = Release;
		};
		7A6DC7222545F9B900E82005 /* Debug */ = {
			isa = XCBuildConfiguration;
			buildSettings = {
				ALWAYS_EMBED_SWIFT_STANDARD_LIBRARIES = YES;
				ASSETCATALOG_COMPILER_APPICON_NAME = AppIcon;
				ASSETCATALOG_COMPILER_GLOBAL_ACCENT_COLOR_NAME = AccentColor;
				CODE_SIGN_IDENTITY = "iPhone Developer";
				CODE_SIGN_STYLE = Manual;
				DEVELOPMENT_TEAM = 4Z3PPD7L62;
				IBSC_MODULE = MotionTracker_WatchKit_Extension;
				INFOPLIST_FILE = "MotionTracker WatchKit App/Info.plist";
				PRODUCT_BUNDLE_IDENTIFIER = de.devpie.MotionTracker.watchkitapp;
				PRODUCT_NAME = "$(TARGET_NAME)";
				PROVISIONING_PROFILE_SPECIFIER = Devpie;
				SDKROOT = watchos;
				SKIP_INSTALL = YES;
				SWIFT_VERSION = 5.0;
				TARGETED_DEVICE_FAMILY = 4;
				WATCHOS_DEPLOYMENT_TARGET = 7.0;
			};
			name = Debug;
		};
		7A6DC7232545F9B900E82005 /* Release */ = {
			isa = XCBuildConfiguration;
			buildSettings = {
				ALWAYS_EMBED_SWIFT_STANDARD_LIBRARIES = YES;
				ASSETCATALOG_COMPILER_APPICON_NAME = AppIcon;
				ASSETCATALOG_COMPILER_GLOBAL_ACCENT_COLOR_NAME = AccentColor;
				CODE_SIGN_IDENTITY = "iPhone Developer";
				CODE_SIGN_STYLE = Manual;
				DEVELOPMENT_TEAM = 4Z3PPD7L62;
				IBSC_MODULE = MotionTracker_WatchKit_Extension;
				INFOPLIST_FILE = "MotionTracker WatchKit App/Info.plist";
				PRODUCT_BUNDLE_IDENTIFIER = de.devpie.MotionTracker.watchkitapp;
				PRODUCT_NAME = "$(TARGET_NAME)";
				PROVISIONING_PROFILE_SPECIFIER = Devpie;
				SDKROOT = watchos;
				SKIP_INSTALL = YES;
				SWIFT_VERSION = 5.0;
				TARGETED_DEVICE_FAMILY = 4;
				VALIDATE_PRODUCT = YES;
				WATCHOS_DEPLOYMENT_TARGET = 7.0;
			};
			name = Release;
		};
		7A6DC7262545F9B900E82005 /* Debug */ = {
			isa = XCBuildConfiguration;
			buildSettings = {
				ASSETCATALOG_COMPILER_APPICON_NAME = AppIcon;
				ASSETCATALOG_COMPILER_GLOBAL_ACCENT_COLOR_NAME = AccentColor;
				CODE_SIGN_IDENTITY = "iPhone Developer";
				CODE_SIGN_STYLE = Manual;
				DEVELOPMENT_ASSET_PATHS = "\"MotionTracker/Preview Content\"";
				DEVELOPMENT_TEAM = 4Z3PPD7L62;
				ENABLE_PREVIEWS = YES;
				INFOPLIST_FILE = MotionTracker/Info.plist;
				IPHONEOS_DEPLOYMENT_TARGET = 14.0;
				LD_RUNPATH_SEARCH_PATHS = (
					"$(inherited)",
					"@executable_path/Frameworks",
				);
				PRODUCT_BUNDLE_IDENTIFIER = de.devpie.MotionTracker;
				PRODUCT_NAME = "$(TARGET_NAME)";
				PROVISIONING_PROFILE_SPECIFIER = Devpie;
				SDKROOT = iphoneos;
				SWIFT_VERSION = 5.0;
				TARGETED_DEVICE_FAMILY = "1,2";
			};
			name = Debug;
		};
		7A6DC7272545F9B900E82005 /* Release */ = {
			isa = XCBuildConfiguration;
			buildSettings = {
				ASSETCATALOG_COMPILER_APPICON_NAME = AppIcon;
				ASSETCATALOG_COMPILER_GLOBAL_ACCENT_COLOR_NAME = AccentColor;
				CODE_SIGN_IDENTITY = "iPhone Developer";
				CODE_SIGN_STYLE = Manual;
				DEVELOPMENT_ASSET_PATHS = "\"MotionTracker/Preview Content\"";
				DEVELOPMENT_TEAM = 4Z3PPD7L62;
				ENABLE_PREVIEWS = YES;
				INFOPLIST_FILE = MotionTracker/Info.plist;
				IPHONEOS_DEPLOYMENT_TARGET = 14.0;
				LD_RUNPATH_SEARCH_PATHS = (
					"$(inherited)",
					"@executable_path/Frameworks",
				);
				PRODUCT_BUNDLE_IDENTIFIER = de.devpie.MotionTracker;
				PRODUCT_NAME = "$(TARGET_NAME)";
				PROVISIONING_PROFILE_SPECIFIER = Devpie;
				SDKROOT = iphoneos;
				SWIFT_VERSION = 5.0;
				TARGETED_DEVICE_FAMILY = "1,2";
				VALIDATE_PRODUCT = YES;
			};
			name = Release;
		};
		7A6DC7292545F9B900E82005 /* Debug */ = {
			isa = XCBuildConfiguration;
			buildSettings = {
				ALWAYS_EMBED_SWIFT_STANDARD_LIBRARIES = YES;
				BUNDLE_LOADER = "$(TEST_HOST)";
				CODE_SIGN_STYLE = Automatic;
				DEVELOPMENT_TEAM = AX82FM22A5;
				INFOPLIST_FILE = MotionTrackerTests/Info.plist;
				IPHONEOS_DEPLOYMENT_TARGET = 14.1;
				LD_RUNPATH_SEARCH_PATHS = (
					"$(inherited)",
					"@executable_path/Frameworks",
					"@loader_path/Frameworks",
				);
				PRODUCT_BUNDLE_IDENTIFIER = de.devpie.MotionTrackerTests;
				PRODUCT_NAME = "$(TARGET_NAME)";
				SDKROOT = iphoneos;
				SWIFT_VERSION = 5.0;
				TARGETED_DEVICE_FAMILY = "1,2";
				TEST_HOST = "$(BUILT_PRODUCTS_DIR)/MotionTracker.app/MotionTracker";
			};
			name = Debug;
		};
		7A6DC72A2545F9B900E82005 /* Release */ = {
			isa = XCBuildConfiguration;
			buildSettings = {
				ALWAYS_EMBED_SWIFT_STANDARD_LIBRARIES = YES;
				BUNDLE_LOADER = "$(TEST_HOST)";
				CODE_SIGN_STYLE = Automatic;
				DEVELOPMENT_TEAM = AX82FM22A5;
				INFOPLIST_FILE = MotionTrackerTests/Info.plist;
				IPHONEOS_DEPLOYMENT_TARGET = 14.1;
				LD_RUNPATH_SEARCH_PATHS = (
					"$(inherited)",
					"@executable_path/Frameworks",
					"@loader_path/Frameworks",
				);
				PRODUCT_BUNDLE_IDENTIFIER = de.devpie.MotionTrackerTests;
				PRODUCT_NAME = "$(TARGET_NAME)";
				SDKROOT = iphoneos;
				SWIFT_VERSION = 5.0;
				TARGETED_DEVICE_FAMILY = "1,2";
				TEST_HOST = "$(BUILT_PRODUCTS_DIR)/MotionTracker.app/MotionTracker";
				VALIDATE_PRODUCT = YES;
			};
			name = Release;
		};
		7A6DC72C2545F9B900E82005 /* Debug */ = {
			isa = XCBuildConfiguration;
			buildSettings = {
				ALWAYS_EMBED_SWIFT_STANDARD_LIBRARIES = YES;
				CODE_SIGN_STYLE = Automatic;
				DEVELOPMENT_TEAM = AX82FM22A5;
				INFOPLIST_FILE = MotionTrackerUITests/Info.plist;
				IPHONEOS_DEPLOYMENT_TARGET = 14.1;
				LD_RUNPATH_SEARCH_PATHS = (
					"$(inherited)",
					"@executable_path/Frameworks",
					"@loader_path/Frameworks",
				);
				PRODUCT_BUNDLE_IDENTIFIER = de.devpie.MotionTrackerUITests;
				PRODUCT_NAME = "$(TARGET_NAME)";
				SDKROOT = iphoneos;
				SWIFT_VERSION = 5.0;
				TARGETED_DEVICE_FAMILY = "1,2";
				TEST_TARGET_NAME = MotionTracker;
			};
			name = Debug;
		};
		7A6DC72D2545F9B900E82005 /* Release */ = {
			isa = XCBuildConfiguration;
			buildSettings = {
				ALWAYS_EMBED_SWIFT_STANDARD_LIBRARIES = YES;
				CODE_SIGN_STYLE = Automatic;
				DEVELOPMENT_TEAM = AX82FM22A5;
				INFOPLIST_FILE = MotionTrackerUITests/Info.plist;
				IPHONEOS_DEPLOYMENT_TARGET = 14.1;
				LD_RUNPATH_SEARCH_PATHS = (
					"$(inherited)",
					"@executable_path/Frameworks",
					"@loader_path/Frameworks",
				);
				PRODUCT_BUNDLE_IDENTIFIER = de.devpie.MotionTrackerUITests;
				PRODUCT_NAME = "$(TARGET_NAME)";
				SDKROOT = iphoneos;
				SWIFT_VERSION = 5.0;
				TARGETED_DEVICE_FAMILY = "1,2";
				TEST_TARGET_NAME = MotionTracker;
				VALIDATE_PRODUCT = YES;
			};
			name = Release;
		};
/* End XCBuildConfiguration section */

/* Begin XCConfigurationList section */
		7A6DC6CF2545F9B700E82005 /* Build configuration list for PBXProject "MotionTracker" */ = {
			isa = XCConfigurationList;
			buildConfigurations = (
				7A6DC71B2545F9B900E82005 /* Debug */,
				7A6DC71C2545F9B900E82005 /* Release */,
			);
			defaultConfigurationIsVisible = 0;
			defaultConfigurationName = Release;
		};
		7A6DC71D2545F9B900E82005 /* Build configuration list for PBXNativeTarget "MotionTracker WatchKit Extension" */ = {
			isa = XCConfigurationList;
			buildConfigurations = (
				7A6DC71E2545F9B900E82005 /* Debug */,
				7A6DC71F2545F9B900E82005 /* Release */,
			);
			defaultConfigurationIsVisible = 0;
			defaultConfigurationName = Release;
		};
		7A6DC7212545F9B900E82005 /* Build configuration list for PBXNativeTarget "MotionTracker WatchKit App" */ = {
			isa = XCConfigurationList;
			buildConfigurations = (
				7A6DC7222545F9B900E82005 /* Debug */,
				7A6DC7232545F9B900E82005 /* Release */,
			);
			defaultConfigurationIsVisible = 0;
			defaultConfigurationName = Release;
		};
		7A6DC7252545F9B900E82005 /* Build configuration list for PBXNativeTarget "MotionTracker" */ = {
			isa = XCConfigurationList;
			buildConfigurations = (
				7A6DC7262545F9B900E82005 /* Debug */,
				7A6DC7272545F9B900E82005 /* Release */,
			);
			defaultConfigurationIsVisible = 0;
			defaultConfigurationName = Release;
		};
		7A6DC7282545F9B900E82005 /* Build configuration list for PBXNativeTarget "MotionTrackerTests" */ = {
			isa = XCConfigurationList;
			buildConfigurations = (
				7A6DC7292545F9B900E82005 /* Debug */,
				7A6DC72A2545F9B900E82005 /* Release */,
			);
			defaultConfigurationIsVisible = 0;
			defaultConfigurationName = Release;
		};
		7A6DC72B2545F9B900E82005 /* Build configuration list for PBXNativeTarget "MotionTrackerUITests" */ = {
			isa = XCConfigurationList;
			buildConfigurations = (
				7A6DC72C2545F9B900E82005 /* Debug */,
				7A6DC72D2545F9B900E82005 /* Release */,
			);
			defaultConfigurationIsVisible = 0;
			defaultConfigurationName = Release;
		};
/* End XCConfigurationList section */
	};
	rootObject = 7A6DC6CC2545F9B700E82005 /* Project object */;
}
